
Microsoft Visual Studio Solution File, Format Version 12.00
# Visual Studio Version 17
VisualStudioVersion = 17.0.31903.59
MinimumVisualStudioVersion = 10.0.40219.1
Project("{2150E333-8FDC-42A3-9474-1A3956D46DE8}") = "tests", "tests", "{0AB3BF05-4346-4AA6-1389-037BE0695223}"
EndProject
Project("{FAE04EC0-301F-11D3-BF4B-00C04F79EFBC}") = "KeyMouse.Tests", "tests\KeyMouse.Tests\KeyMouse.Tests.csproj", "{A0D29744-10D7-4F26-A15F-78E20A18838F}"
EndProject
Project("{FAE04EC0-301F-11D3-BF4B-00C04F79EFBC}") = "KeyMouse.SmokeTarget", "tests\KeyMouse.SmokeTarget\KeyMouse.SmokeTarget.csproj", "{6204308E-1A29-4BAD-B615-10D2ED010288}"
EndProject
Project("{2150E333-8FDC-42A3-9474-1A3956D46DE8}") = "src", "src", "{827E0CD3-B72D-47B6-A68D-7590B98EB39B}"
EndProject
Project("{FAE04EC0-301F-11D3-BF4B-00C04F79EFBC}") = "KeyMouse.Cli", "src\KeyMouse.Cli\KeyMouse.Cli.csproj", "{2D40B7AC-6D00-48BC-8EB6-21CF7ADE7D50}"
EndProject
Project("{FAE04EC0-301F-11D3-BF4B-00C04F79EFBC}") = "KeyMouse.Core", "src\KeyMouse.Core\KeyMouse.Core.csproj", "{FE7C0301-1C1F-4F60-AE5C-AB79E0088363}"
EndProject
Project("{FAE04EC0-301F-11D3-BF4B-00C04F79EFBC}") = "KeyMouse.Runner", "src\KeyMouse.Runner\KeyMouse.Runner.csproj", "{C22F8A7D-0B99-4555-9C0F-413CDE751BA0}"
EndProject
Project("{2150E333-8FDC-42A3-9474-1A3956D46DE8}") = "editor", "editor", "{28251423-8E50-9DF4-F913-DC1FAAA673F1}"
EndProject
Project("{FAE04EC0-301F-11D3-BF4B-00C04F79EFBC}") = "KeyMouse.FlowEditor", "editor\KeyMouse.FlowEditor\KeyMouse.FlowEditor.csproj", "{F439DA0E-D519-4A78-B2CE-EACEF6205FB3}"
EndProject
Global
	GlobalSection(SolutionConfigurationPlatforms) = preSolution
		Debug|Any CPU = Debug|Any CPU
		Debug|x64 = Debug|x64
		Debug|x86 = Debug|x86
		Release|Any CPU = Release|Any CPU
		Release|x64 = Release|x64
		Release|x86 = Release|x86
	EndGlobalSection
	GlobalSection(ProjectConfigurationPlatforms) = postSolution
		{A0D29744-10D7-4F26-A15F-78E20A18838F}.Debug|Any CPU.ActiveCfg = Debug|Any CPU
		{A0D29744-10D7-4F26-A15F-78E20A18838F}.Debug|Any CPU.Build.0 = Debug|Any CPU
		{A0D29744-10D7-4F26-A15F-78E20A18838F}.Debug|x64.ActiveCfg = Debug|Any CPU
		{A0D29744-10D7-4F26-A15F-78E20A18838F}.Debug|x64.Build.0 = Debug|Any CPU
		{A0D29744-10D7-4F26-A15F-78E20A18838F}.Debug|x86.ActiveCfg = Debug|Any CPU
		{A0D29744-10D7-4F26-A15F-78E20A18838F}.Debug|x86.Build.0 = Debug|Any CPU
		{A0D29744-10D7-4F26-A15F-78E20A18838F}.Release|Any CPU.ActiveCfg = Release|Any CPU
		{A0D29744-10D7-4F26-A15F-78E20A18838F}.Release|Any CPU.Build.0 = Release|Any CPU
		{A0D29744-10D7-4F26-A15F-78E20A18838F}.Release|x64.ActiveCfg = Release|Any CPU
		{A0D29744-10D7-4F26-A15F-78E20A18838F}.Release|x64.Build.0 = Release|Any CPU
		{A0D29744-10D7-4F26-A15F-78E20A18838F}.Release|x86.ActiveCfg = Release|Any CPU
		{A0D29744-10D7-4F26-A15F-78E20A18838F}.Release|x86.Build.0 = Release|Any CPU
		{6204308E-1A29-4BAD-B615-10D2ED010288}.Debug|Any CPU.ActiveCfg = Debug|Any CPU
		{6204308E-1A29-4BAD-B615-10D2ED010288}.Debug|Any CPU.Build.0 = Debug|Any CPU
		{6204308E-1A29-4BAD-B615-10D2ED010288}.Debug|x64.ActiveCfg = Debug|Any CPU
		{6204308E-1A29-4BAD-B615-10D2ED010288}.Debug|x64.Build.0 = Debug|Any CPU
		{6204308E-1A29-4BAD-B615-10D2ED010288}.Debug|x86.ActiveCfg = Debug|Any CPU
		{6204308E-1A29-4BAD-B615-10D2ED010288}.Debug|x86.Build.0 = Debug|Any CPU
		{6204308E-1A29-4BAD-B615-10D2ED010288}.Release|Any CPU.ActiveCfg = Release|Any CPU
		{6204308E-1A29-4BAD-B615-10D2ED010288}.Release|Any CPU.Build.0 = Release|Any CPU
		{6204308E-1A29-4BAD-B615-10D2ED010288}.Release|x64.ActiveCfg = Release|Any CPU
		{6204308E-1A29-4BAD-B615-10D2ED010288}.Release|x64.Build.0 = Release|Any CPU
		{6204308E-1A29-4BAD-B615-10D2ED010288}.Release|x86.ActiveCfg = Release|Any CPU
		{6204308E-1A29-4BAD-B615-10D2ED010288}.Release|x86.Build.0 = Release|Any CPU
		{2D40B7AC-6D00-48BC-8EB6-21CF7ADE7D50}.Debug|Any CPU.ActiveCfg = Debug|Any CPU
		{2D40B7AC-6D00-48BC-8EB6-21CF7ADE7D50}.Debug|Any CPU.Build.0 = Debug|Any CPU
		{2D40B7AC-6D00-48BC-8EB6-21CF7ADE7D50}.Debug|x64.ActiveCfg = Debug|Any CPU
		{2D40B7AC-6D00-48BC-8EB6-21CF7ADE7D50}.Debug|x64.Build.0 = Debug|Any CPU
		{2D40B7AC-6D00-48BC-8EB6-21CF7ADE7D50}.Debug|x86.ActiveCfg = Debug|Any CPU
		{2D40B7AC-6D00-48BC-8EB6-21CF7ADE7D50}.Debug|x86.Build.0 = Debug|Any CPU
		{2D40B7AC-6D00-48BC-8EB6-21CF7ADE7D50}.Release|Any CPU.ActiveCfg = Release|Any CPU
		{2D40B7AC-6D00-48BC-8EB6-21CF7ADE7D50}.Release|Any CPU.Build.0 = Release|Any CPU
		{2D40B7AC-6D00-48BC-8EB6-21CF7ADE7D50}.Release|x64.ActiveCfg = Release|Any CPU
		{2D40B7AC-6D00-48BC-8EB6-21CF7ADE7D50}.Release|x64.Build.0 = Release|Any CPU
		{2D40B7AC-6D00-48BC-8EB6-21CF7ADE7D50}.Release|x86.ActiveCfg = Release|Any CPU
		{2D40B7AC-6D00-48BC-8EB6-21CF7ADE7D50}.Release|x86.Build.0 = Release|Any CPU
		{FE7C0301-1C1F-4F60-AE5C-AB79E0088363}.Debug|Any CPU.ActiveCfg = Debug|Any CPU
		{FE7C0301-1C1F-4F60-AE5C-AB79E0088363}.Debug|Any CPU.Build.0 = Debug|Any CPU
		{FE7C0301-1C1F-4F60-AE5C-AB79E0088363}.Debug|x64.ActiveCfg = Debug|Any CPU
		{FE7C0301-1C1F-4F60-AE5C-AB79E0088363}.Debug|x64.Build.0 = Debug|Any CPU
		{FE7C0301-1C1F-4F60-AE5C-AB79E0088363}.Debug|x86.ActiveCfg = Debug|Any CPU
		{FE7C0301-1C1F-4F60-AE5C-AB79E0088363}.Debug|x86.Build.0 = Debug|Any CPU
		{FE7C0301-1C1F-4F60-AE5C-AB79E0088363}.Release|Any CPU.ActiveCfg = Release|Any CPU
		{FE7C0301-1C1F-4F60-AE5C-AB79E0088363}.Release|Any CPU.Build.0 = Release|Any CPU
		{FE7C0301-1C1F-4F60-AE5C-AB79E0088363}.Release|x64.ActiveCfg = Release|Any CPU
		{FE7C0301-1C1F-4F60-AE5C-AB79E0088363}.Release|x64.Build.0 = Release|Any CPU
		{FE7C0301-1C1F-4F60-AE5C-AB79E0088363}.Release|x86.ActiveCfg = Release|Any CPU
		{FE7C0301-1C1F-4F60-AE5C-AB79E0088363}.Release|x86.Build.0 = Release|Any CPU
		{C22F8A7D-0B99-4555-9C0F-413CDE751BA0}.Debug|Any CPU.ActiveCfg = Debug|Any CPU
		{C22F8A7D-0B99-4555-9C0F-413CDE751BA0}.Debug|Any CPU.Build.0 = Debug|Any CPU
		{C22F8A7D-0B99-4555-9C0F-413CDE751BA0}.Debug|x64.ActiveCfg = Debug|Any CPU
		{C22F8A7D-0B99-4555-9C0F-413CDE751BA0}.Debug|x64.Build.0 = Debug|Any CPU
		{C22F8A7D-0B99-4555-9C0F-413CDE751BA0}.Debug|x86.ActiveCfg = Debug|Any CPU
		{C22F8A7D-0B99-4555-9C0F-413CDE751BA0}.Debug|x86.Build.0 = Debug|Any CPU
		{C22F8A7D-0B99-4555-9C0F-413CDE751BA0}.Release|Any CPU.ActiveCfg = Release|Any CPU
		{C22F8A7D-0B99-4555-9C0F-413CDE751BA0}.Release|Any CPU.Build.0 = Release|Any CPU
		{C22F8A7D-0B99-4555-9C0F-413CDE751BA0}.Release|x64.ActiveCfg = Release|Any CPU
		{C22F8A7D-0B99-4555-9C0F-413CDE751BA0}.Release|x64.Build.0 = Release|Any CPU
		{C22F8A7D-0B99-4555-9C0F-413CDE751BA0}.Release|x86.ActiveCfg = Release|Any CPU
		{C22F8A7D-0B99-4555-9C0F-413CDE751BA0}.Release|x86.Build.0 = Release|Any CPU
		{F439DA0E-D519-4A78-B2CE-EACEF6205FB3}.Debug|Any CPU.ActiveCfg = Debug|x64
		{F439DA0E-D519-4A78-B2CE-EACEF6205FB3}.Debug|Any CPU.Build.0 = Debug|x64
		{F439DA0E-D519-4A78-B2CE-EACEF6205FB3}.Debug|x64.ActiveCfg = Debug|x64
		{F439DA0E-D519-4A78-B2CE-EACEF6205FB3}.Debug|x64.Build.0 = Debug|x64
		{F439DA0E-D519-4A78-B2CE-EACEF6205FB3}.Debug|x86.ActiveCfg = Debug|x64
		{F439DA0E-D519-4A78-B2CE-EACEF6205FB3}.Debug|x86.Build.0 = Debug|x64
		{F439DA0E-D519-4A78-B2CE-EACEF6205FB3}.Release|Any CPU.ActiveCfg = Release|x64
		{F439DA0E-D519-4A78-B2CE-EACEF6205FB3}.Release|Any CPU.Build.0 = Release|x64
		{F439DA0E-D519-4A78-B2CE-EACEF6205FB3}.Release|x64.ActiveCfg = Release|x64
		{F439DA0E-D519-4A78-B2CE-EACEF6205FB3}.Release|x64.Build.0 = Release|x64
		{F439DA0E-D519-4A78-B2CE-EACEF6205FB3}.Release|x86.ActiveCfg = Release|x64
		{F439DA0E-D519-4A78-B2CE-EACEF6205FB3}.Release|x86.Build.0 = Release|x64
	EndGlobalSection
	GlobalSection(SolutionProperties) = preSolution
		HideSolutionNode = FALSE
	EndGlobalSection
	GlobalSection(NestedProjects) = preSolution
		{A0D29744-10D7-4F26-A15F-78E20A18838F} = {0AB3BF05-4346-4AA6-1389-037BE0695223}
		{6204308E-1A29-4BAD-B615-10D2ED010288} = {0AB3BF05-4346-4AA6-1389-037BE0695223}
		{2D40B7AC-6D00-48BC-8EB6-21CF7ADE7D50} = {827E0CD3-B72D-47B6-A68D-7590B98EB39B}
		{FE7C0301-1C1F-4F60-AE5C-AB79E0088363} = {827E0CD3-B72D-47B6-A68D-7590B98EB39B}
		{C22F8A7D-0B99-4555-9C0F-413CDE751BA0} = {827E0CD3-B72D-47B6-A68D-7590B98EB39B}
		{F439DA0E-D519-4A78-B2CE-EACEF6205FB3} = {28251423-8E50-9DF4-F913-DC1FAAA673F1}
	EndGlobalSection
EndGlobal
